// !$*UTF8*$!
{
	archiveVersion = 1;
	classes = {
	};
	objectVersion = 77;
	objects = {

/* Begin PBXBuildFile section */
		06D6F16CF243DDB4531BEE29 /* AnnotationDrawing.swift in Sources */ = {isa = PBXBuildFile; fileRef = 17544CDA089E3F65F7BCE622 /* AnnotationDrawing.swift */; };
		0AA73A072B6327A23D08F89E /* ScrollCaptureController.swift in Sources */ = {isa = PBXBuildFile; fileRef = 797BDC98FC7C054D427684E4 /* ScrollCaptureController.swift */; };
		0B76BB9ECF0DEA0C47B75DAC /* AnnotationItemView.swift in Sources */ = {isa = PBXBuildFile; fileRef = BD21E8B1BB111C9A2991D570 /* AnnotationItemView.swift */; };
		110CCE5C4F04EAB5BA65AB19 /* OCRService.swift in Sources */ = {isa = PBXBuildFile; fileRef = 4E0BFAA0F377BF9ED38FF96C /* OCRService.swift */; };
		12F0105D52F612AA1BD73023 /* RuneDelegate.swift in Sources */ = {isa = PBXBuildFile; fileRef = 1A8FF0E5AD713FC1D7E99DE7 /* RuneDelegate.swift */; };
		13B8472EC13ED5548E55212F /* HistoryStore.swift in Sources */ = {isa = PBXBuildFile; fileRef = 11DEB19CCE7ED49CF1136508 /* HistoryStore.swift */; };
		174D457C94F688B0DDD75E64 /* WindowPickerOverlay.swift in Sources */ = {isa = PBXBuildFile; fileRef = 61D783D3556AA5344DAFDC63 /* WindowPickerOverlay.swift */; };
		1881BC67C7A74FEC212DA8EC /* EditorModel.swift in Sources */ = {isa = PBXBuildFile; fileRef = 7307DAB0AA0DDC8AB161E476 /* EditorModel.swift */; };
		190449BC0719D36DD018A4D8 /* RecordingSession.swift in Sources */ = {isa = PBXBuildFile; fileRef = E3F4A34905E009410BCE4384 /* RecordingSession.swift */; };
		1CBDB240923B9F176D454CEA /* Backgrounds in Resources */ = {isa = PBXBuildFile; fileRef = A9FD147E96AE29FF1E11357F /* Backgrounds */; };
		266F345A43B69C9ABD40386E /* CaptureKitSCK in Frameworks */ = {isa = PBXBuildFile; productRef = 39614CBE7CFDD24B3CF45A2E /* CaptureKitSCK */; };
		2837D9F373F92C6671190F62 /* BurstFlowUI.swift in Sources */ = {isa = PBXBuildFile; fileRef = B5653928D6AC3456F3A97D8A /* BurstFlowUI.swift */; };
		2D2CFBFFDA6767FA9FB2C2E9 /* BeautifierRenderer.swift in Sources */ = {isa = PBXBuildFile; fileRef = D58300A37E3A994CE15987C5 /* BeautifierRenderer.swift */; };
		3933094B835D8EF2F5F1EABB /* RegionSelectionOverlay.swift in Sources */ = {isa = PBXBuildFile; fileRef = 868F0E1B6C8FC7DF50B4A79B /* RegionSelectionOverlay.swift */; };
		3AA2E443AA076D9AA4BCFFA9 /* PinnedScreenshot.swift in Sources */ = {isa = PBXBuildFile; fileRef = 8B3D8697A2AEA9FD3527BA3D /* PinnedScreenshot.swift */; };
		3F10E4A10ECE3E37549B99BA /* EditorWindowView.swift in Sources */ = {isa = PBXBuildFile; fileRef = B5FC4CD374D6C387202BB773 /* EditorWindowView.swift */; };
		52B62D47D9FDBE73F0FEDB1A /* ToastWindow.swift in Sources */ = {isa = PBXBuildFile; fileRef = 2B95C7007292236807887D07 /* ToastWindow.swift */; };
		5DC7C7A2CF426EEB84D10515 /* MenuBarPopoverController.swift in Sources */ = {isa = PBXBuildFile; fileRef = EE6013043C27F30509A03C16 /* MenuBarPopoverController.swift */; };
		60129245C0B6E2A29C14B762 /* VideoEditorModel.swift in Sources */ = {isa = PBXBuildFile; fileRef = 7C35ADEA40B41A4AD5BD3588 /* VideoEditorModel.swift */; };
		6158A6FD21D793D955B2E0E9 /* AppPreferences.swift in Sources */ = {isa = PBXBuildFile; fileRef = C757566A38307689528E5A9E /* AppPreferences.swift */; };
		615EE1453C9A7BDFD9248E09 /* ScreenCapture.swift in Sources */ = {isa = PBXBuildFile; fileRef = 4495302A23BB2192D91C5ED3 /* ScreenCapture.swift */; };
		6682480DF2FDA028736D23D2 /* PreferencesView.swift in Sources */ = {isa = PBXBuildFile; fileRef = 9822447B9DE8F15B9CC94381 /* PreferencesView.swift */; };
		7492DCC25BAEBAFD914AAC6C /* EditorCanvasView.swift in Sources */ = {isa = PBXBuildFile; fileRef = 9D72A7FD249FD623240D8735 /* EditorCanvasView.swift */; };
		7A3EBC41CA7A6F9DE045888B /* AnnotationRedactionImageProcessor.swift in Sources */ = {isa = PBXBuildFile; fileRef = 147306FB804DB8E1D8FC83DA /* AnnotationRedactionImageProcessor.swift */; };
		8782829F9AD2E1BE2B796AC7 /* ShortcutService.swift in Sources */ = {isa = PBXBuildFile; fileRef = BAE1EE5C32D7D0D099A88951 /* ShortcutService.swift */; };
		87B41081A50FF4716E4423EC /* EditorWindowController.swift in Sources */ = {isa = PBXBuildFile; fileRef = 9057B39C894A83FE5C27A761 /* EditorWindowController.swift */; };
		8A26E9FB3047BB943DA16BDE /* BurstStatusBar.swift in Sources */ = {isa = PBXBuildFile; fileRef = D7A16B9D82220D71A937C3C7 /* BurstStatusBar.swift */; };
		8FF02B0E696C78A093B2477C /* CaptureKit in Frameworks */ = {isa = PBXBuildFile; productRef = 545943B6C3A9DC7AC79929AE /* CaptureKit */; };
		918CF31A69D7A8EB445F4164 /* CaptureRecord.swift in Sources */ = {isa = PBXBuildFile; fileRef = C5558B01BB764A6621835508 /* CaptureRecord.swift */; };
		95FEC1562CC216A90AA5EDAA /* ImageUploader.swift in Sources */ = {isa = PBXBuildFile; fileRef = 1F60DA82582143F9F0444A2A /* ImageUploader.swift */; };
		99DDE6D704C920238ACF8B8C /* VideoEditorWindowController.swift in Sources */ = {isa = PBXBuildFile; fileRef = FA371E3B22FCF68762E77651 /* VideoEditorWindowController.swift */; };
		9A417A3F04D2578AE8199ACC /* EditorInspectorView.swift in Sources */ = {isa = PBXBuildFile; fileRef = 5229BD9DF667A270F2BF5A01 /* EditorInspectorView.swift */; };
		A3AF94FB2E51A905BA0D3A4E /* PIIRedactor.swift in Sources */ = {isa = PBXBuildFile; fileRef = 9CDB11E1DB75B564991FBB3B /* PIIRedactor.swift */; };
		A3D2948CBD1AB43FE793A68A /* VideoEditorView.swift in Sources */ = {isa = PBXBuildFile; fileRef = 8D2EB2E1080285BC4EC284AB /* VideoEditorView.swift */; };
		A548A41489DDA1DF28A3C44A /* PreviewOverlay.swift in Sources */ = {isa = PBXBuildFile; fileRef = AE1AF97C84324A8DA1B6948D /* PreviewOverlay.swift */; };
		A6D62B552A8AE5AD951AB3EC /* CountdownOverlay.swift in Sources */ = {isa = PBXBuildFile; fileRef = 7DB9ADF51148B7B593827415 /* CountdownOverlay.swift */; };
		A9DE0B19C0040E3116068952 /* ConfirmToolbarView.swift in Sources */ = {isa = PBXBuildFile; fileRef = 60F275E74E5877423E2B4A87 /* ConfirmToolbarView.swift */; };
		B20B0C52AEF6529B4DEE0B46 /* AnnotationItem.swift in Sources */ = {isa = PBXBuildFile; fileRef = F6DFE09CC845C78A0C3D2685 /* AnnotationItem.swift */; };
		B6F0E552418F099695D926C7 /* ExceptionLogger.swift in Sources */ = {isa = PBXBuildFile; fileRef = 1518D084F5B00D61CFF58AE8 /* ExceptionLogger.swift */; };
		BA2E35F115F67D7CA6DEE5A9 /* RuneApp.swift in Sources */ = {isa = PBXBuildFile; fileRef = F74F2F48E0775A96906E180F /* RuneApp.swift */; };
		BC811FEA82E635D6292A80FD /* MenuBarContentView.swift in Sources */ = {isa = PBXBuildFile; fileRef = AE87F338892DCBFEA8FD7BDA /* MenuBarContentView.swift */; };
		C46DD6DBAA95F563F2EC6E4E /* SettingsWindowController.swift in Sources */ = {isa = PBXBuildFile; fileRef = 90E774656DB29A1792294977 /* SettingsWindowController.swift */; };
		C7F949929C1B0DF9A32292A1 /* RuneTheme.swift in Sources */ = {isa = PBXBuildFile; fileRef = 33B532C9D23BB63C0E181CF0 /* RuneTheme.swift */; };
		CF7361CA58691AC8B76B31C8 /* AnnotationKeyboard.swift in Sources */ = {isa = PBXBuildFile; fileRef = 8EA870DD2C387FEFFB50527E /* AnnotationKeyboard.swift */; };
		DB55A5FF7B47E7320A84BE44 /* AnnotationEditorInteractionState.swift in Sources */ = {isa = PBXBuildFile; fileRef = 7E8B6DF3EDCB19D828A14168 /* AnnotationEditorInteractionState.swift */; };
		E29FA26E5F3F90C0653923E8 /* Assets.xcassets in Resources */ = {isa = PBXBuildFile; fileRef = B350EE68E3E974004660FC0A /* Assets.xcassets */; };
		EB848575CC3229A7EFFA6F13 /* BackgroundStyle.swift in Sources */ = {isa = PBXBuildFile; fileRef = BE8FF05309B340FEAE149775 /* BackgroundStyle.swift */; };
		F0B38EDB344A7A818ED49511 /* ScreenRecordingManager.swift in Sources */ = {isa = PBXBuildFile; fileRef = 947DF939565AA34A0BC56B3F /* ScreenRecordingManager.swift */; };
		F0B7A8B3F7AC91CE55D1CDB4 /* VideoTrimTimelineView.swift in Sources */ = {isa = PBXBuildFile; fileRef = DAB8EF01048DA815D1AEDD9A /* VideoTrimTimelineView.swift */; };
		F39F73FB6DA1EE00ACA5BC8B /* BurstCaptureController.swift in Sources */ = {isa = PBXBuildFile; fileRef = DBDA094A1245DCE16E4B7B1A /* BurstCaptureController.swift */; };
		F3BAB5D4C1617D203E95885B /* BundledBackgrounds.swift in Sources */ = {isa = PBXBuildFile; fileRef = 94D707990F014D8BE452023A /* BundledBackgrounds.swift */; };
		F5F0FA6599AB12F8B47278B0 /* ColorPickerOverlay.swift in Sources */ = {isa = PBXBuildFile; fileRef = 3E1907B91A013BCA494AB08A /* ColorPickerOverlay.swift */; };
		FC0EC23275C9045F708A62E5 /* CaptureConfirmController.swift in Sources */ = {isa = PBXBuildFile; fileRef = 98E116C5F4ECAB33E6B96B96 /* CaptureConfirmController.swift */; };
		FC247F5E7814E3D4E253A582 /* RecordingStatusBar.swift in Sources */ = {isa = PBXBuildFile; fileRef = C72B137FE8A09ED62E3E58DF /* RecordingStatusBar.swift */; };
		FE38DF3E1E9C680BC16F9C39 /* ConfirmCanvasView.swift in Sources */ = {isa = PBXBuildFile; fileRef = 17A97C016FB78E462B1375ED /* ConfirmCanvasView.swift */; };
		FE59D61ABB427B6DFC1D377A /* CaptureOrchestrator.swift in Sources */ = {isa = PBXBuildFile; fileRef = 4B626577BDFABF32D144DC8B /* CaptureOrchestrator.swift */; };
/* End PBXBuildFile section */

/* Begin PBXFileReference section */
		11DEB19CCE7ED49CF1136508 /* HistoryStore.swift */ = {isa = PBXFileReference; lastKnownFileType = sourcecode.swift; path = HistoryStore.swift; sourceTree = "<group>"; };
		147306FB804DB8E1D8FC83DA /* AnnotationRedactionImageProcessor.swift */ = {isa = PBXFileReference; lastKnownFileType = sourcecode.swift; path = AnnotationRedactionImageProcessor.swift; sourceTree = "<group>"; };
		1518D084F5B00D61CFF58AE8 /* ExceptionLogger.swift */ = {isa = PBXFileReference; lastKnownFileType = sourcecode.swift; path = ExceptionLogger.swift; sourceTree = "<group>"; };
		17544CDA089E3F65F7BCE622 /* AnnotationDrawing.swift */ = {isa = PBXFileReference; lastKnownFileType = sourcecode.swift; path = AnnotationDrawing.swift; sourceTree = "<group>"; };
		17A97C016FB78E462B1375ED /* ConfirmCanvasView.swift */ = {isa = PBXFileReference; lastKnownFileType = sourcecode.swift; path = ConfirmCanvasView.swift; sourceTree = "<group>"; };
		1A8FF0E5AD713FC1D7E99DE7 /* RuneDelegate.swift */ = {isa = PBXFileReference; lastKnownFileType = sourcecode.swift; path = RuneDelegate.swift; sourceTree = "<group>"; };
		1F60DA82582143F9F0444A2A /* ImageUploader.swift */ = {isa = PBXFileReference; lastKnownFileType = sourcecode.swift; path = ImageUploader.swift; sourceTree = "<group>"; };
		2B95C7007292236807887D07 /* ToastWindow.swift */ = {isa = PBXFileReference; lastKnownFileType = sourcecode.swift; path = ToastWindow.swift; sourceTree = "<group>"; };
		33B532C9D23BB63C0E181CF0 /* RuneTheme.swift */ = {isa = PBXFileReference; lastKnownFileType = sourcecode.swift; path = RuneTheme.swift; sourceTree = "<group>"; };
		3E1907B91A013BCA494AB08A /* ColorPickerOverlay.swift */ = {isa = PBXFileReference; lastKnownFileType = sourcecode.swift; path = ColorPickerOverlay.swift; sourceTree = "<group>"; };
		4495302A23BB2192D91C5ED3 /* ScreenCapture.swift */ = {isa = PBXFileReference; lastKnownFileType = sourcecode.swift; path = ScreenCapture.swift; sourceTree = "<group>"; };
		4B626577BDFABF32D144DC8B /* CaptureOrchestrator.swift */ = {isa = PBXFileReference; lastKnownFileType = sourcecode.swift; path = CaptureOrchestrator.swift; sourceTree = "<group>"; };
		4E0BFAA0F377BF9ED38FF96C /* OCRService.swift */ = {isa = PBXFileReference; lastKnownFileType = sourcecode.swift; path = OCRService.swift; sourceTree = "<group>"; };
		5229BD9DF667A270F2BF5A01 /* EditorInspectorView.swift */ = {isa = PBXFileReference; lastKnownFileType = sourcecode.swift; path = EditorInspectorView.swift; sourceTree = "<group>"; };
		60F275E74E5877423E2B4A87 /* ConfirmToolbarView.swift */ = {isa = PBXFileReference; lastKnownFileType = sourcecode.swift; path = ConfirmToolbarView.swift; sourceTree = "<group>"; };
		61D783D3556AA5344DAFDC63 /* WindowPickerOverlay.swift */ = {isa = PBXFileReference; lastKnownFileType = sourcecode.swift; path = WindowPickerOverlay.swift; sourceTree = "<group>"; };
		7307DAB0AA0DDC8AB161E476 /* EditorModel.swift */ = {isa = PBXFileReference; lastKnownFileType = sourcecode.swift; path = EditorModel.swift; sourceTree = "<group>"; };
		797BDC98FC7C054D427684E4 /* ScrollCaptureController.swift */ = {isa = PBXFileReference; lastKnownFileType = sourcecode.swift; path = ScrollCaptureController.swift; sourceTree = "<group>"; };
		7C35ADEA40B41A4AD5BD3588 /* VideoEditorModel.swift */ = {isa = PBXFileReference; lastKnownFileType = sourcecode.swift; path = VideoEditorModel.swift; sourceTree = "<group>"; };
		7DB9ADF51148B7B593827415 /* CountdownOverlay.swift */ = {isa = PBXFileReference; lastKnownFileType = sourcecode.swift; path = CountdownOverlay.swift; sourceTree = "<group>"; };
		7E8B6DF3EDCB19D828A14168 /* AnnotationEditorInteractionState.swift */ = {isa = PBXFileReference; lastKnownFileType = sourcecode.swift; path = AnnotationEditorInteractionState.swift; sourceTree = "<group>"; };
		868F0E1B6C8FC7DF50B4A79B /* RegionSelectionOverlay.swift */ = {isa = PBXFileReference; lastKnownFileType = sourcecode.swift; path = RegionSelectionOverlay.swift; sourceTree = "<group>"; };
		8B3D8697A2AEA9FD3527BA3D /* PinnedScreenshot.swift */ = {isa = PBXFileReference; lastKnownFileType = sourcecode.swift; path = PinnedScreenshot.swift; sourceTree = "<group>"; };
		8D2EB2E1080285BC4EC284AB /* VideoEditorView.swift */ = {isa = PBXFileReference; lastKnownFileType = sourcecode.swift; path = VideoEditorView.swift; sourceTree = "<group>"; };
		8EA870DD2C387FEFFB50527E /* AnnotationKeyboard.swift */ = {isa = PBXFileReference; lastKnownFileType = sourcecode.swift; path = AnnotationKeyboard.swift; sourceTree = "<group>"; };
		9057B39C894A83FE5C27A761 /* EditorWindowController.swift */ = {isa = PBXFileReference; lastKnownFileType = sourcecode.swift; path = EditorWindowController.swift; sourceTree = "<group>"; };
		90E774656DB29A1792294977 /* SettingsWindowController.swift */ = {isa = PBXFileReference; lastKnownFileType = sourcecode.swift; path = SettingsWindowController.swift; sourceTree = "<group>"; };
		947DF939565AA34A0BC56B3F /* ScreenRecordingManager.swift */ = {isa = PBXFileReference; lastKnownFileType = sourcecode.swift; path = ScreenRecordingManager.swift; sourceTree = "<group>"; };
		94D707990F014D8BE452023A /* BundledBackgrounds.swift */ = {isa = PBXFileReference; lastKnownFileType = sourcecode.swift; path = BundledBackgrounds.swift; sourceTree = "<group>"; };
		9822447B9DE8F15B9CC94381 /* PreferencesView.swift */ = {isa = PBXFileReference; lastKnownFileType = sourcecode.swift; path = PreferencesView.swift; sourceTree = "<group>"; };
		98E116C5F4ECAB33E6B96B96 /* CaptureConfirmController.swift */ = {isa = PBXFileReference; lastKnownFileType = sourcecode.swift; path = CaptureConfirmController.swift; sourceTree = "<group>"; };
		9CDB11E1DB75B564991FBB3B /* PIIRedactor.swift */ = {isa = PBXFileReference; lastKnownFileType = sourcecode.swift; path = PIIRedactor.swift; sourceTree = "<group>"; };
		9D72A7FD249FD623240D8735 /* EditorCanvasView.swift */ = {isa = PBXFileReference; lastKnownFileType = sourcecode.swift; path = EditorCanvasView.swift; sourceTree = "<group>"; };
		A9FD147E96AE29FF1E11357F /* Backgrounds */ = {isa = PBXFileReference; lastKnownFileType = folder; name = Backgrounds; path = Resources/Backgrounds; sourceTree = SOURCE_ROOT; };
		AE1AF97C84324A8DA1B6948D /* PreviewOverlay.swift */ = {isa = PBXFileReference; lastKnownFileType = sourcecode.swift; path = PreviewOverlay.swift; sourceTree = "<group>"; };
		AE87F338892DCBFEA8FD7BDA /* MenuBarContentView.swift */ = {isa = PBXFileReference; lastKnownFileType = sourcecode.swift; path = MenuBarContentView.swift; sourceTree = "<group>"; };
		B350EE68E3E974004660FC0A /* Assets.xcassets */ = {isa = PBXFileReference; lastKnownFileType = folder.assetcatalog; path = Assets.xcassets; sourceTree = "<group>"; };
		B5653928D6AC3456F3A97D8A /* BurstFlowUI.swift */ = {isa = PBXFileReference; lastKnownFileType = sourcecode.swift; path = BurstFlowUI.swift; sourceTree = "<group>"; };
		B5FC4CD374D6C387202BB773 /* EditorWindowView.swift */ = {isa = PBXFileReference; lastKnownFileType = sourcecode.swift; path = EditorWindowView.swift; sourceTree = "<group>"; };
		BAE1EE5C32D7D0D099A88951 /* ShortcutService.swift */ = {isa = PBXFileReference; lastKnownFileType = sourcecode.swift; path = ShortcutService.swift; sourceTree = "<group>"; };
		BD21E8B1BB111C9A2991D570 /* AnnotationItemView.swift */ = {isa = PBXFileReference; lastKnownFileType = sourcecode.swift; path = AnnotationItemView.swift; sourceTree = "<group>"; };
		BE8FF05309B340FEAE149775 /* BackgroundStyle.swift */ = {isa = PBXFileReference; lastKnownFileType = sourcecode.swift; path = BackgroundStyle.swift; sourceTree = "<group>"; };
		C5558B01BB764A6621835508 /* CaptureRecord.swift */ = {isa = PBXFileReference; lastKnownFileType = sourcecode.swift; path = CaptureRecord.swift; sourceTree = "<group>"; };
		C72B137FE8A09ED62E3E58DF /* RecordingStatusBar.swift */ = {isa = PBXFileReference; lastKnownFileType = sourcecode.swift; path = RecordingStatusBar.swift; sourceTree = "<group>"; };
		C757566A38307689528E5A9E /* AppPreferences.swift */ = {isa = PBXFileReference; lastKnownFileType = sourcecode.swift; path = AppPreferences.swift; sourceTree = "<group>"; };
		D58300A37E3A994CE15987C5 /* BeautifierRenderer.swift */ = {isa = PBXFileReference; lastKnownFileType = sourcecode.swift; path = BeautifierRenderer.swift; sourceTree = "<group>"; };
		D7A16B9D82220D71A937C3C7 /* BurstStatusBar.swift */ = {isa = PBXFileReference; lastKnownFileType = sourcecode.swift; path = BurstStatusBar.swift; sourceTree = "<group>"; };
		DAB8EF01048DA815D1AEDD9A /* VideoTrimTimelineView.swift */ = {isa = PBXFileReference; lastKnownFileType = sourcecode.swift; path = VideoTrimTimelineView.swift; sourceTree = "<group>"; };
		DBDA094A1245DCE16E4B7B1A /* BurstCaptureController.swift */ = {isa = PBXFileReference; lastKnownFileType = sourcecode.swift; path = BurstCaptureController.swift; sourceTree = "<group>"; };
		E3F4A34905E009410BCE4384 /* RecordingSession.swift */ = {isa = PBXFileReference; lastKnownFileType = sourcecode.swift; path = RecordingSession.swift; sourceTree = "<group>"; };
		EE6013043C27F30509A03C16 /* MenuBarPopoverController.swift */ = {isa = PBXFileReference; lastKnownFileType = sourcecode.swift; path = MenuBarPopoverController.swift; sourceTree = "<group>"; };
		F46A331394FBCD6FCFD29F62 /* Rune.app */ = {isa = PBXFileReference; explicitFileType = wrapper.application; includeInIndex = 0; path = Rune.app; sourceTree = BUILT_PRODUCTS_DIR; };
		F6DFE09CC845C78A0C3D2685 /* AnnotationItem.swift */ = {isa = PBXFileReference; lastKnownFileType = sourcecode.swift; path = AnnotationItem.swift; sourceTree = "<group>"; };
		F716A452AA4EE4C7E805C38E /* CaptureKit */ = {isa = PBXFileReference; lastKnownFileType = folder; name = CaptureKit; path = CaptureKit; sourceTree = SOURCE_ROOT; };
		F74F2F48E0775A96906E180F /* RuneApp.swift */ = {isa = PBXFileReference; lastKnownFileType = sourcecode.swift; path = RuneApp.swift; sourceTree = "<group>"; };
		FA371E3B22FCF68762E77651 /* VideoEditorWindowController.swift */ = {isa = PBXFileReference; lastKnownFileType = sourcecode.swift; path = VideoEditorWindowController.swift; sourceTree = "<group>"; };
/* End PBXFileReference section */

/* Begin PBXFrameworksBuildPhase section */
		4BFEF78244866A08069E4DEC /* Frameworks */ = {
			isa = PBXFrameworksBuildPhase;
			buildActionMask = 2147483647;
			files = (
				8FF02B0E696C78A093B2477C /* CaptureKit in Frameworks */,
				266F345A43B69C9ABD40386E /* CaptureKitSCK in Frameworks */,
			);
			runOnlyForDeploymentPostprocessing = 0;
		};
/* End PBXFrameworksBuildPhase section */

/* Begin PBXGroup section */
		02E0E07267FD5201B631F82C /* Services */ = {
			isa = PBXGroup;
			children = (
				D58300A37E3A994CE15987C5 /* BeautifierRenderer.swift */,
				1F60DA82582143F9F0444A2A /* ImageUploader.swift */,
				9CDB11E1DB75B564991FBB3B /* PIIRedactor.swift */,
				BAE1EE5C32D7D0D099A88951 /* ShortcutService.swift */,
			);
			path = Services;
			sourceTree = "<group>";
		};
		090F96DFBC3404F9624EC32C /* Packages */ = {
			isa = PBXGroup;
			children = (
				F716A452AA4EE4C7E805C38E /* CaptureKit */,
			);
			name = Packages;
			sourceTree = "<group>";
		};
		10094F5FED8623DFE2FA9F1D /* Resources */ = {
			isa = PBXGroup;
			children = (
				B350EE68E3E974004660FC0A /* Assets.xcassets */,
			);
			path = Resources;
			sourceTree = "<group>";
		};
		259B01DEB5B62634004C4016 /* Editor */ = {
			isa = PBXGroup;
			children = (
				17544CDA089E3F65F7BCE622 /* AnnotationDrawing.swift */,
				7E8B6DF3EDCB19D828A14168 /* AnnotationEditorInteractionState.swift */,
				BD21E8B1BB111C9A2991D570 /* AnnotationItemView.swift */,
				8EA870DD2C387FEFFB50527E /* AnnotationKeyboard.swift */,
				147306FB804DB8E1D8FC83DA /* AnnotationRedactionImageProcessor.swift */,
				9D72A7FD249FD623240D8735 /* EditorCanvasView.swift */,
				5229BD9DF667A270F2BF5A01 /* EditorInspectorView.swift */,
				7307DAB0AA0DDC8AB161E476 /* EditorModel.swift */,
				9057B39C894A83FE5C27A761 /* EditorWindowController.swift */,
				B5FC4CD374D6C387202BB773 /* EditorWindowView.swift */,
			);
			path = Editor;
			sourceTree = "<group>";
		};
		39D4566D88515C653CF4F4DB /* Models */ = {
			isa = PBXGroup;
			children = (
				F6DFE09CC845C78A0C3D2685 /* AnnotationItem.swift */,
				C757566A38307689528E5A9E /* AppPreferences.swift */,
				BE8FF05309B340FEAE149775 /* BackgroundStyle.swift */,
				94D707990F014D8BE452023A /* BundledBackgrounds.swift */,
				C5558B01BB764A6621835508 /* CaptureRecord.swift */,
			);
			path = Models;
			sourceTree = "<group>";
		};
		49CD1ABB4117999E05DAEA92 /* Capture */ = {
			isa = PBXGroup;
			children = (
				DBDA094A1245DCE16E4B7B1A /* BurstCaptureController.swift */,
				B5653928D6AC3456F3A97D8A /* BurstFlowUI.swift */,
				D7A16B9D82220D71A937C3C7 /* BurstStatusBar.swift */,
				4B626577BDFABF32D144DC8B /* CaptureOrchestrator.swift */,
				3E1907B91A013BCA494AB08A /* ColorPickerOverlay.swift */,
				7DB9ADF51148B7B593827415 /* CountdownOverlay.swift */,
				868F0E1B6C8FC7DF50B4A79B /* RegionSelectionOverlay.swift */,
				4495302A23BB2192D91C5ED3 /* ScreenCapture.swift */,
				797BDC98FC7C054D427684E4 /* ScrollCaptureController.swift */,
				61D783D3556AA5344DAFDC63 /* WindowPickerOverlay.swift */,
				ADD2E90FBADD589DFDA848F9 /* Confirm */,
			);
			path = Capture;
			sourceTree = "<group>";
		};
		4B049A4676B9CFEECB1A3DF6 /* Products */ = {
			isa = PBXGroup;
			children = (
				F46A331394FBCD6FCFD29F62 /* Rune.app */,
			);
			name = Products;
			sourceTree = "<group>";
		};
		4FE4E3ABA1756F22921DCB42 /* Views */ = {
			isa = PBXGroup;
			children = (
				AE87F338892DCBFEA8FD7BDA /* MenuBarContentView.swift */,
				EE6013043C27F30509A03C16 /* MenuBarPopoverController.swift */,
				2B95C7007292236807887D07 /* ToastWindow.swift */,
			);
			path = Views;
			sourceTree = "<group>";
		};
		749E9D00F818F70E06F34BB9 /* History */ = {
			isa = PBXGroup;
			children = (
				11DEB19CCE7ED49CF1136508 /* HistoryStore.swift */,
			);
			path = History;
			sourceTree = "<group>";
		};
		99E8726305BC9AF4B98FA73B /* Preview */ = {
			isa = PBXGroup;
			children = (
				8B3D8697A2AEA9FD3527BA3D /* PinnedScreenshot.swift */,
				AE1AF97C84324A8DA1B6948D /* PreviewOverlay.swift */,
			);
			path = Preview;
			sourceTree = "<group>";
		};
		A6559CFE8D94CBC3B2854C93 /* Design */ = {
			isa = PBXGroup;
			children = (
				33B532C9D23BB63C0E181CF0 /* RuneTheme.swift */,
			);
			path = Design;
			sourceTree = "<group>";
		};
		ADD2E90FBADD589DFDA848F9 /* Confirm */ = {
			isa = PBXGroup;
			children = (
				98E116C5F4ECAB33E6B96B96 /* CaptureConfirmController.swift */,
				17A97C016FB78E462B1375ED /* ConfirmCanvasView.swift */,
				60F275E74E5877423E2B4A87 /* ConfirmToolbarView.swift */,
			);
			path = Confirm;
			sourceTree = "<group>";
		};
		B1508DDD3B6BA3AF22DF8BDA /* OCR */ = {
			isa = PBXGroup;
			children = (
				4E0BFAA0F377BF9ED38FF96C /* OCRService.swift */,
			);
			path = OCR;
			sourceTree = "<group>";
		};
		B8FC14134195149286D737C0 = {
			isa = PBXGroup;
			children = (
				A9FD147E96AE29FF1E11357F /* Backgrounds */,
				090F96DFBC3404F9624EC32C /* Packages */,
				10094F5FED8623DFE2FA9F1D /* Resources */,
				C750A8B0B7E68485E0FF536F /* Sources */,
				4B049A4676B9CFEECB1A3DF6 /* Products */,
			);
			sourceTree = "<group>";
		};
		C750A8B0B7E68485E0FF536F /* Sources */ = {
			isa = PBXGroup;
			children = (
				DF41CB44E94F5FBDBF8695A2 /* App */,
				49CD1ABB4117999E05DAEA92 /* Capture */,
				A6559CFE8D94CBC3B2854C93 /* Design */,
				259B01DEB5B62634004C4016 /* Editor */,
				749E9D00F818F70E06F34BB9 /* History */,
				39D4566D88515C653CF4F4DB /* Models */,
				B1508DDD3B6BA3AF22DF8BDA /* OCR */,
				99E8726305BC9AF4B98FA73B /* Preview */,
				DD9915BCA4192465D234008B /* Recording */,
				02E0E07267FD5201B631F82C /* Services */,
				E4007FFA622C92BA5142F86A /* Settings */,
				4FE4E3ABA1756F22921DCB42 /* Views */,
			);
			path = Sources;
			sourceTree = "<group>";
		};
		DD9915BCA4192465D234008B /* Recording */ = {
			isa = PBXGroup;
			children = (
				E3F4A34905E009410BCE4384 /* RecordingSession.swift */,
				C72B137FE8A09ED62E3E58DF /* RecordingStatusBar.swift */,
				947DF939565AA34A0BC56B3F /* ScreenRecordingManager.swift */,
				7C35ADEA40B41A4AD5BD3588 /* VideoEditorModel.swift */,
				8D2EB2E1080285BC4EC284AB /* VideoEditorView.swift */,
				FA371E3B22FCF68762E77651 /* VideoEditorWindowController.swift */,
				DAB8EF01048DA815D1AEDD9A /* VideoTrimTimelineView.swift */,
			);
			path = Recording;
			sourceTree = "<group>";
		};
		DF41CB44E94F5FBDBF8695A2 /* App */ = {
			isa = PBXGroup;
			children = (
				F74F2F48E0775A96906E180F /* RuneApp.swift */,
				1A8FF0E5AD713FC1D7E99DE7 /* RuneDelegate.swift */,
				1518D084F5B00D61CFF58AE8 /* ExceptionLogger.swift */,
			);
			path = App;
			sourceTree = "<group>";
		};
		E4007FFA622C92BA5142F86A /* Settings */ = {
			isa = PBXGroup;
			children = (
				9822447B9DE8F15B9CC94381 /* PreferencesView.swift */,
				90E774656DB29A1792294977 /* SettingsWindowController.swift */,
			);
			path = Settings;
			sourceTree = "<group>";
		};
/* End PBXGroup section */

/* Begin PBXNativeTarget section */
		61A826F3D9A89949C4B965D9 /* Rune */ = {
			isa = PBXNativeTarget;
			buildConfigurationList = B653F2DD902FE6BD261B2987 /* Build configuration list for PBXNativeTarget "Rune" */;
			buildPhases = (
				B29A156E16289E808758DF72 /* Sources */,
				EECE61E83E0AC599EBECCD4F /* Resources */,
				4BFEF78244866A08069E4DEC /* Frameworks */,
			);
			buildRules = (
			);
			dependencies = (
			);
			name = Rune;
			packageProductDependencies = (
				545943B6C3A9DC7AC79929AE /* CaptureKit */,
				39614CBE7CFDD24B3CF45A2E /* CaptureKitSCK */,
			);
			productName = Rune;
			productReference = F46A331394FBCD6FCFD29F62 /* Rune.app */;
			productType = "com.apple.product-type.application";
		};
/* End PBXNativeTarget section */

/* Begin PBXProject section */
		2B52F79D372EB35C81219180 /* Project object */ = {
			isa = PBXProject;
			attributes = {
				BuildIndependentTargetsInParallel = YES;
				LastUpgradeCheck = 1600;
				TargetAttributes = {
				};
			};
			buildConfigurationList = FDE4C5BE7F87318CFEAA3DDB /* Build configuration list for PBXProject "Rune" */;
			developmentRegion = en;
			hasScannedForEncodings = 0;
			knownRegions = (
				Base,
				en,
			);
			mainGroup = B8FC14134195149286D737C0;
			minimizedProjectReferenceProxies = 1;
			packageReferences = (
				E4E9F4D9B662ED4493B675F8 /* XCLocalSwiftPackageReference "CaptureKit" */,
			);
			preferredProjectObjectVersion = 77;
			productRefGroup = 4B049A4676B9CFEECB1A3DF6 /* Products */;
			projectDirPath = "";
			projectRoot = "";
			targets = (
				61A826F3D9A89949C4B965D9 /* Rune */,
			);
		};
/* End PBXProject section */

/* Begin PBXResourcesBuildPhase section */
		EECE61E83E0AC599EBECCD4F /* Resources */ = {
			isa = PBXResourcesBuildPhase;
			buildActionMask = 2147483647;
			files = (
				E29FA26E5F3F90C0653923E8 /* Assets.xcassets in Resources */,
				1CBDB240923B9F176D454CEA /* Backgrounds in Resources */,
			);
			runOnlyForDeploymentPostprocessing = 0;
		};
/* End PBXResourcesBuildPhase section */

/* Begin PBXSourcesBuildPhase section */
		B29A156E16289E808758DF72 /* Sources */ = {
			isa = PBXSourcesBuildPhase;
			buildActionMask = 2147483647;
			files = (
				06D6F16CF243DDB4531BEE29 /* AnnotationDrawing.swift in Sources */,
				DB55A5FF7B47E7320A84BE44 /* AnnotationEditorInteractionState.swift in Sources */,
				B20B0C52AEF6529B4DEE0B46 /* AnnotationItem.swift in Sources */,
				0B76BB9ECF0DEA0C47B75DAC /* AnnotationItemView.swift in Sources */,
				CF7361CA58691AC8B76B31C8 /* AnnotationKeyboard.swift in Sources */,
				7A3EBC41CA7A6F9DE045888B /* AnnotationRedactionImageProcessor.swift in Sources */,
				6158A6FD21D793D955B2E0E9 /* AppPreferences.swift in Sources */,
				EB848575CC3229A7EFFA6F13 /* BackgroundStyle.swift in Sources */,
				2D2CFBFFDA6767FA9FB2C2E9 /* BeautifierRenderer.swift in Sources */,
				BA2E35F115F67D7CA6DEE5A9 /* RuneApp.swift in Sources */,
				12F0105D52F612AA1BD73023 /* RuneDelegate.swift in Sources */,
				F3BAB5D4C1617D203E95885B /* BundledBackgrounds.swift in Sources */,
				F39F73FB6DA1EE00ACA5BC8B /* BurstCaptureController.swift in Sources */,
				2837D9F373F92C6671190F62 /* BurstFlowUI.swift in Sources */,
				8A26E9FB3047BB943DA16BDE /* BurstStatusBar.swift in Sources */,
				FC0EC23275C9045F708A62E5 /* CaptureConfirmController.swift in Sources */,
				FE59D61ABB427B6DFC1D377A /* CaptureOrchestrator.swift in Sources */,
				918CF31A69D7A8EB445F4164 /* CaptureRecord.swift in Sources */,
				F5F0FA6599AB12F8B47278B0 /* ColorPickerOverlay.swift in Sources */,
				FE38DF3E1E9C680BC16F9C39 /* ConfirmCanvasView.swift in Sources */,
				A9DE0B19C0040E3116068952 /* ConfirmToolbarView.swift in Sources */,
				A6D62B552A8AE5AD951AB3EC /* CountdownOverlay.swift in Sources */,
				7492DCC25BAEBAFD914AAC6C /* EditorCanvasView.swift in Sources */,
				9A417A3F04D2578AE8199ACC /* EditorInspectorView.swift in Sources */,
				1881BC67C7A74FEC212DA8EC /* EditorModel.swift in Sources */,
				87B41081A50FF4716E4423EC /* EditorWindowController.swift in Sources */,
				3F10E4A10ECE3E37549B99BA /* EditorWindowView.swift in Sources */,
				B6F0E552418F099695D926C7 /* ExceptionLogger.swift in Sources */,
				13B8472EC13ED5548E55212F /* HistoryStore.swift in Sources */,
				95FEC1562CC216A90AA5EDAA /* ImageUploader.swift in Sources */,
				BC811FEA82E635D6292A80FD /* MenuBarContentView.swift in Sources */,
				5DC7C7A2CF426EEB84D10515 /* MenuBarPopoverController.swift in Sources */,
				110CCE5C4F04EAB5BA65AB19 /* OCRService.swift in Sources */,
				A3AF94FB2E51A905BA0D3A4E /* PIIRedactor.swift in Sources */,
				3AA2E443AA076D9AA4BCFFA9 /* PinnedScreenshot.swift in Sources */,
				6682480DF2FDA028736D23D2 /* PreferencesView.swift in Sources */,
				A548A41489DDA1DF28A3C44A /* PreviewOverlay.swift in Sources */,
				C7F949929C1B0DF9A32292A1 /* RuneTheme.swift in Sources */,
				190449BC0719D36DD018A4D8 /* RecordingSession.swift in Sources */,
				FC247F5E7814E3D4E253A582 /* RecordingStatusBar.swift in Sources */,
				3933094B835D8EF2F5F1EABB /* RegionSelectionOverlay.swift in Sources */,
				615EE1453C9A7BDFD9248E09 /* ScreenCapture.swift in Sources */,
				F0B38EDB344A7A818ED49511 /* ScreenRecordingManager.swift in Sources */,
				0AA73A072B6327A23D08F89E /* ScrollCaptureController.swift in Sources */,
				C46DD6DBAA95F563F2EC6E4E /* SettingsWindowController.swift in Sources */,
				8782829F9AD2E1BE2B796AC7 /* ShortcutService.swift in Sources */,
				52B62D47D9FDBE73F0FEDB1A /* ToastWindow.swift in Sources */,
				60129245C0B6E2A29C14B762 /* VideoEditorModel.swift in Sources */,
				A3D2948CBD1AB43FE793A68A /* VideoEditorView.swift in Sources */,
				99DDE6D704C920238ACF8B8C /* VideoEditorWindowController.swift in Sources */,
				F0B7A8B3F7AC91CE55D1CDB4 /* VideoTrimTimelineView.swift in Sources */,
				174D457C94F688B0DDD75E64 /* WindowPickerOverlay.swift in Sources */,
			);
			runOnlyForDeploymentPostprocessing = 0;
		};
/* End PBXSourcesBuildPhase section */

/* Begin XCBuildConfiguration section */
		31BAFDED17709DBDF81651E4 /* Release */ = {
			isa = XCBuildConfiguration;
			buildSettings = {
				ALWAYS_SEARCH_USER_PATHS = NO;
				ARCHS = (
					arm64,
					x86_64,
				);
				CLANG_ANALYZER_NONNULL = YES;
				CLANG_ANALYZER_NUMBER_OBJECT_CONVERSION = YES_AGGRESSIVE;
				CLANG_CXX_LANGUAGE_STANDARD = "gnu++14";
				CLANG_CXX_LIBRARY = "libc++";
				CLANG_ENABLE_MODULES = YES;
				CLANG_ENABLE_OBJC_ARC = YES;
				CLANG_ENABLE_OBJC_WEAK = YES;
				CLANG_WARN_BLOCK_CAPTURE_AUTORELEASING = YES;
				CLANG_WARN_BOOL_CONVERSION = YES;
				CLANG_WARN_COMMA = YES;
				CLANG_WARN_CONSTANT_CONVERSION = YES;
				CLANG_WARN_DEPRECATED_OBJC_IMPLEMENTATIONS = YES;
				CLANG_WARN_DIRECT_OBJC_ISA_USAGE = YES_ERROR;
				CLANG_WARN_DOCUMENTATION_COMMENTS = YES;
				CLANG_WARN_EMPTY_BODY = YES;
				CLANG_WARN_ENUM_CONVERSION = YES;
				CLANG_WARN_INFINITE_RECURSION = YES;
				CLANG_WARN_INT_CONVERSION = YES;
				CLANG_WARN_NON_LITERAL_NULL_CONVERSION = YES;
				CLANG_WARN_OBJC_IMPLICIT_RETAIN_SELF = YES;
				CLANG_WARN_OBJC_LITERAL_CONVERSION = YES;
				CLANG_WARN_OBJC_ROOT_CLASS = YES_ERROR;
				CLANG_WARN_QUOTED_INCLUDE_IN_FRAMEWORK_HEADER = YES;
				CLANG_WARN_RANGE_LOOP_ANALYSIS = YES;
				CLANG_WARN_STRICT_PROTOTYPES = YES;
				CLANG_WARN_SUSPICIOUS_MOVE = YES;
				CLANG_WARN_UNGUARDED_AVAILABILITY = YES_AGGRESSIVE;
				CLANG_WARN_UNREACHABLE_CODE = YES;
				CLANG_WARN__DUPLICATE_METHOD_MATCH = YES;
				COPY_PHASE_STRIP = NO;
				DEBUG_INFORMATION_FORMAT = "dwarf-with-dsym";
				ENABLE_NS_ASSERTIONS = NO;
				ENABLE_STRICT_OBJC_MSGSEND = YES;
				ENABLE_USER_SCRIPT_SANDBOXING = NO;
				GCC_C_LANGUAGE_STANDARD = gnu11;
				GCC_NO_COMMON_BLOCKS = YES;
				GCC_WARN_64_TO_32_BIT_CONVERSION = YES;
				GCC_WARN_ABOUT_RETURN_TYPE = YES_ERROR;
				GCC_WARN_UNDECLARED_SELECTOR = YES;
				GCC_WARN_UNINITIALIZED_AUTOS = YES_AGGRESSIVE;
				GCC_WARN_UNUSED_FUNCTION = YES;
				GCC_WARN_UNUSED_VARIABLE = YES;
				MACOSX_DEPLOYMENT_TARGET = 14.0;
				MTL_ENABLE_DEBUG_INFO = NO;
				MTL_FAST_MATH = YES;
				ONLY_ACTIVE_ARCH = NO;
				PRODUCT_NAME = "$(TARGET_NAME)";
				SDKROOT = macosx;
				SWIFT_COMPILATION_MODE = wholemodule;
				SWIFT_OPTIMIZATION_LEVEL = "-O";
				SWIFT_VERSION = 6.0;
			};
			name = Release;
		};
		6862FA1689C1F0144B5E1DEA /* Debug */ = {
			isa = XCBuildConfiguration;
			buildSettings = {
				ALWAYS_SEARCH_USER_PATHS = NO;
				ARCHS = (
					arm64,
					x86_64,
				);
				CLANG_ANALYZER_NONNULL = YES;
				CLANG_ANALYZER_NUMBER_OBJECT_CONVERSION = YES_AGGRESSIVE;
				CLANG_CXX_LANGUAGE_STANDARD = "gnu++14";
				CLANG_CXX_LIBRARY = "libc++";
				CLANG_ENABLE_MODULES = YES;
				CLANG_ENABLE_OBJC_ARC = YES;
				CLANG_ENABLE_OBJC_WEAK = YES;
				CLANG_WARN_BLOCK_CAPTURE_AUTORELEASING = YES;
				CLANG_WARN_BOOL_CONVERSION = YES;
				CLANG_WARN_COMMA = YES;
				CLANG_WARN_CONSTANT_CONVERSION = YES;
				CLANG_WARN_DEPRECATED_OBJC_IMPLEMENTATIONS = YES;
				CLANG_WARN_DIRECT_OBJC_ISA_USAGE = YES_ERROR;
				CLANG_WARN_DOCUMENTATION_COMMENTS = YES;
				CLANG_WARN_EMPTY_BODY = YES;
				CLANG_WARN_ENUM_CONVERSION = YES;
				CLANG_WARN_INFINITE_RECURSION = YES;
				CLANG_WARN_INT_CONVERSION = YES;
				CLANG_WARN_NON_LITERAL_NULL_CONVERSION = YES;
				CLANG_WARN_OBJC_IMPLICIT_RETAIN_SELF = YES;
				CLANG_WARN_OBJC_LITERAL_CONVERSION = YES;
				CLANG_WARN_OBJC_ROOT_CLASS = YES_ERROR;
				CLANG_WARN_QUOTED_INCLUDE_IN_FRAMEWORK_HEADER = YES;
				CLANG_WARN_RANGE_LOOP_ANALYSIS = YES;
				CLANG_WARN_STRICT_PROTOTYPES = YES;
				CLANG_WARN_SUSPICIOUS_MOVE = YES;
				CLANG_WARN_UNGUARDED_AVAILABILITY = YES_AGGRESSIVE;
				CLANG_WARN_UNREACHABLE_CODE = YES;
				CLANG_WARN__DUPLICATE_METHOD_MATCH = YES;
				COPY_PHASE_STRIP = NO;
				DEBUG_INFORMATION_FORMAT = dwarf;
				ENABLE_STRICT_OBJC_MSGSEND = YES;
				ENABLE_TESTABILITY = YES;
				ENABLE_USER_SCRIPT_SANDBOXING = NO;
				GCC_C_LANGUAGE_STANDARD = gnu11;
				GCC_DYNAMIC_NO_PIC = NO;
				GCC_NO_COMMON_BLOCKS = YES;
				GCC_OPTIMIZATION_LEVEL = 0;
				GCC_PREPROCESSOR_DEFINITIONS = (
					"$(inherited)",
					"DEBUG=1",
				);
				GCC_WARN_64_TO_32_BIT_CONVERSION = YES;
				GCC_WARN_ABOUT_RETURN_TYPE = YES_ERROR;
				GCC_WARN_UNDECLARED_SELECTOR = YES;
				GCC_WARN_UNINITIALIZED_AUTOS = YES_AGGRESSIVE;
				GCC_WARN_UNUSED_FUNCTION = YES;
				GCC_WARN_UNUSED_VARIABLE = YES;
				MACOSX_DEPLOYMENT_TARGET = 14.0;
				MTL_ENABLE_DEBUG_INFO = INCLUDE_SOURCE;
				MTL_FAST_MATH = YES;
				ONLY_ACTIVE_ARCH = NO;
				PRODUCT_NAME = "$(TARGET_NAME)";
				SDKROOT = macosx;
				SWIFT_ACTIVE_COMPILATION_CONDITIONS = DEBUG;
				SWIFT_OPTIMIZATION_LEVEL = "-Onone";
				SWIFT_VERSION = 6.0;
			};
			name = Debug;
		};
		BD8594A1D94B81B2F7847C3F /* Debug */ = {
			isa = XCBuildConfiguration;
			buildSettings = {
				ARCHS = (
					arm64,
					x86_64,
				);
				ASSETCATALOG_COMPILER_APPICON_NAME = AppIcon;
				CODE_SIGN_ENTITLEMENTS = Resources/Rune.entitlements;
				COMBINE_HIDPI_IMAGES = YES;
				CURRENT_PROJECT_VERSION = 10;
				ENABLE_DEBUG_DYLIB = NO;
				ENABLE_HARDENED_RUNTIME = YES;
				ENABLE_PREVIEWS = NO;
				INFOPLIST_FILE = Resources/Info.plist;
				LD_RUNPATH_SEARCH_PATHS = "@executable_path/../Frameworks";
				MARKETING_VERSION = 0.3.7;
				ONLY_ACTIVE_ARCH = NO;
				PRODUCT_BUNDLE_IDENTIFIER = com.tc.rune;
				PRODUCT_NAME = "Rune";
				SDKROOT = macosx;
			};
			name = Debug;
		};
		C9BDF34D8B30DE9AFEF8F791 /* Release */ = {
			isa = XCBuildConfiguration;
			buildSettings = {
				ARCHS = (
					arm64,
					x86_64,
				);
				ASSETCATALOG_COMPILER_APPICON_NAME = AppIcon;
				CODE_SIGN_ENTITLEMENTS = Resources/Rune.entitlements;
				COMBINE_HIDPI_IMAGES = YES;
				CURRENT_PROJECT_VERSION = 10;
				ENABLE_DEBUG_DYLIB = NO;
				ENABLE_HARDENED_RUNTIME = YES;
				ENABLE_PREVIEWS = NO;
				INFOPLIST_FILE = Resources/Info.plist;
				LD_RUNPATH_SEARCH_PATHS = "@executable_path/../Frameworks";
				MARKETING_VERSION = 0.3.7;
				ONLY_ACTIVE_ARCH = NO;
				PRODUCT_BUNDLE_IDENTIFIER = com.tc.rune;
				PRODUCT_NAME = "Rune";
				SDKROOT = macosx;
			};
			name = Release;
		};
/* End XCBuildConfiguration section */

/* Begin XCConfigurationList section */
		B653F2DD902FE6BD261B2987 /* Build configuration list for PBXNativeTarget "Rune" */ = {
			isa = XCConfigurationList;
			buildConfigurations = (
				BD8594A1D94B81B2F7847C3F /* Debug */,
				C9BDF34D8B30DE9AFEF8F791 /* Release */,
			);
			defaultConfigurationIsVisible = 0;
			defaultConfigurationName = Debug;
		};
		FDE4C5BE7F87318CFEAA3DDB /* Build configuration list for PBXProject "Rune" */ = {
			isa = XCConfigurationList;
			buildConfigurations = (
				6862FA1689C1F0144B5E1DEA /* Debug */,
				31BAFDED17709DBDF81651E4 /* Release */,
			);
			defaultConfigurationIsVisible = 0;
			defaultConfigurationName = Debug;
		};
/* End XCConfigurationList section */

/* Begin XCLocalSwiftPackageReference section */
		E4E9F4D9B662ED4493B675F8 /* XCLocalSwiftPackageReference "CaptureKit" */ = {
			isa = XCLocalSwiftPackageReference;
			relativePath = CaptureKit;
		};
/* End XCLocalSwiftPackageReference section */

/* Begin XCSwiftPackageProductDependency section */
		39614CBE7CFDD24B3CF45A2E /* CaptureKitSCK */ = {
			isa = XCSwiftPackageProductDependency;
			productName = CaptureKitSCK;
		};
		545943B6C3A9DC7AC79929AE /* CaptureKit */ = {
			isa = XCSwiftPackageProductDependency;
			productName = CaptureKit;
		};
/* End XCSwiftPackageProductDependency section */
	};
	rootObject = 2B52F79D372EB35C81219180 /* Project object */;
}
